
Microsoft Visual Studio Solution File, Format Version 12.00
# Visual Studio Version 17
VisualStudioVersion = 17.1.32328.378
MinimumVisualStudioVersion = 10.0.40219.1
Project("{FAE04EC0-301F-11D3-BF4B-00C04F79EFBC}") = "Core", "Core\Core.csproj", "{44E48B22-FDD6-4E23-B369-22A719C5778D}"
EndProject
Project("{FAE04EC0-301F-11D3-BF4B-00C04F79EFBC}") = "CoreTests", "UnitTests\CoreTests\CoreTests.csproj", "{61DC9011-AA25-4688-BC12-B2669000A8C7}"
EndProject
Project("{2150E333-8FDC-42A3-9474-1A3956D46DE8}") = "UnitTests", "UnitTests", "{02BE32AB-115B-4C55-AB33-51454FF23D09}"
EndProject
Global
	GlobalSection(SolutionConfigurationPlatforms) = preSolution
		Debug|Any CPU = Debug|Any CPU
		Release|Any CPU = Release|Any CPU
	EndGlobalSection
	GlobalSection(ProjectConfigurationPlatforms) = postSolution
		{44E48B22-FDD6-4E23-B369-22A719C5778D}.Debug|Any CPU.ActiveCfg = Debug|Any CPU
		{44E48B22-FDD6-4E23-B369-22A719C5778D}.Debug|Any CPU.Build.0 = Debug|Any CPU
		{44E48B22-FDD6-4E23-B369-22A719C5778D}.Release|Any CPU.ActiveCfg = Release|Any CPU
		{44E48B22-FDD6-4E23-B369-22A719C5778D}.Release|Any CPU.Build.0 = Release|Any CPU
		{61DC9011-AA25-4688-BC12-B2669000A8C7}.Debug|Any CPU.ActiveCfg = Debug|Any CPU
		{61DC9011-AA25-4688-BC12-B2669000A8C7}.Debug|Any CPU.Build.0 = Debug|Any CPU
		{61DC9011-AA25-4688-BC12-B2669000A8C7}.Release|Any CPU.ActiveCfg = Release|Any CPU
		{61DC9011-AA25-4688-BC12-B2669000A8C7}.Release|Any CPU.Build.0 = Release|Any CPU
	EndGlobalSection
	GlobalSection(SolutionProperties) = preSolution
		HideSolutionNode = FALSE
	EndGlobalSection
	GlobalSection(NestedProjects) = preSolution
		{61DC9011-AA25-4688-BC12-B2669000A8C7} = {02BE32AB-115B-4C55-AB33-51454FF23D09}
	EndGlobalSection
	GlobalSection(ExtensibilityGlobals) = postSolution
		SolutionGuid = {790806D5-E330-4E6F-BD71-4D079775D99C}
	EndGlobalSection
EndGlobal
